
Microsoft Visual Studio Solution File, Format Version 12.00
# Visual Studio Version 17
VisualStudioVersion = 17.7.34221.43
MinimumVisualStudioVersion = 10.0.40219.1
Project("{FAE04EC0-301F-11D3-BF4B-00C04F79EFBC}") = "WpfApp1", "WpfApp1\WpfApp1.csproj", "{53D9313C-6CF1-4D07-B0BB-0A435A80F13D}"
EndProject
Global
	GlobalSection(SolutionConfigurationPlatforms) = preSolution
		Debug|Any CPU = Debug|Any CPU
		Release|Any CPU = Release|Any CPU
	EndGlobalSection
	GlobalSection(ProjectConfigurationPlatforms) = postSolution
		{53D9313C-6CF1-4D07-B0BB-0A435A80F13D}.Debug|Any CPU.ActiveCfg = Debug|Any CPU
		{53D9313C-6CF1-4D07-B0BB-0A435A80F13D}.Debug|Any CPU.Build.0 = Debug|Any CPU
		{53D9313C-6CF1-4D07-B0BB-0A435A80F13D}.Release|Any CPU.ActiveCfg = Release|Any CPU
		{53D9313C-6CF1-4D07-B0BB-0A435A80F13D}.Release|Any CPU.Build.0 = Release|Any CPU
	EndGlobalSection
	GlobalSection(SolutionProperties) = preSolution
		HideSolutionNode = FALSE
	EndGlobalSection
	GlobalSection(ExtensibilityGlobals) = postSolution
		SolutionGuid = {4F8EA1AE-7A0D-432C-B4C4-AA0BB05C5701}
	EndGlobalSection
EndGlobal
